
Microsoft Visual Studio Solution File, Format Version 12.00
# Visual Studio Version 17
VisualStudioVersion = 17.0.31912.275
MinimumVisualStudioVersion = 10.0.40219.1
Project("{9A19103F-16F7-4668-BE54-9A1E7A4F7556}") = "Web", "Web\Web.csproj", "{66C6A655-6F4D-4AED-B670-128198E969F5}"
EndProject
Project("{9A19103F-16F7-4668-BE54-9A1E7A4F7556}") = "EventHandlers", "EventHandlers\EventHandlers.csproj", "{521545FA-66F0-4638-80BD-2B6E13EB8F2F}"
EndProject
Project("{9A19103F-16F7-4668-BE54-9A1E7A4F7556}") = "Domain", "Domain\Domain.csproj", "{EDA88906-05F5-4B6D-87FD-62EBF2B3CE0F}"
EndProject
Project("{2150E333-8FDC-42A3-9474-1A3956D46DE8}") = "Solution Items", "Solution Items", "{747521A0-B107-403D-B231-7617C213F7B5}"
	ProjectSection(SolutionItems) = preProject
		.gitignore = .gitignore
		Repositories\MigrationHelper.txt = Repositories\MigrationHelper.txt
		RabbitMqHelper.txt = RabbitMqHelper.txt
	EndProjectSection
EndProject
Project("{9A19103F-16F7-4668-BE54-9A1E7A4F7556}") = "DTOs", "DTOs\DTOs.csproj", "{69C15485-7CCF-4B4F-8705-FACE7F3E5FC4}"
EndProject
Project("{9A19103F-16F7-4668-BE54-9A1E7A4F7556}") = "Registration", "Registration\Registration.csproj", "{9A2E288A-0196-45CB-A65E-4869AD457DE8}"
EndProject
Project("{9A19103F-16F7-4668-BE54-9A1E7A4F7556}") = "Repositories", "Repositories\Repositories.csproj", "{23EC1885-DC28-4A31-B226-4A57DA7F410E}"
EndProject
Project("{2150E333-8FDC-42A3-9474-1A3956D46DE8}") = "Domain", "Domain", "{8382CD94-43AB-4529-B02E-E8B56A9DDC31}"
EndProject
Project("{2150E333-8FDC-42A3-9474-1A3956D46DE8}") = "Presentation", "Presentation", "{9C18B3EE-E863-4DD9-A95A-FEEEE4B95A8E}"
EndProject
Project("{2150E333-8FDC-42A3-9474-1A3956D46DE8}") = "Infrastructure", "Infrastructure", "{10506747-D2D3-406C-9AEB-B4B6428BE842}"
EndProject
Project("{2150E333-8FDC-42A3-9474-1A3956D46DE8}") = "Application", "Application", "{0FD94F54-944A-484D-9DC6-520239A2CEBF}"
EndProject
Project("{2150E333-8FDC-42A3-9474-1A3956D46DE8}") = "TimedEvents", "TimedEvents", "{698E7D7E-2B97-4C4B-816E-83A15465402A}"
EndProject
Project("{9A19103F-16F7-4668-BE54-9A1E7A4F7556}") = "TimedEvents", "TimedEventWorker\TimedEvents.csproj", "{FFC80C6F-4506-4C94-8C0E-ACAC6299D135}"
EndProject
Project("{9A19103F-16F7-4668-BE54-9A1E7A4F7556}") = "Messages", "Messages\Messages.csproj", "{A8E2707A-4886-44B1-AE7A-0237B40F22B5}"
EndProject
Project("{2150E333-8FDC-42A3-9474-1A3956D46DE8}") = "Tests", "Tests", "{41E691A8-6CC3-4388-BA6A-A08937336739}"
EndProject
Project("{FAE04EC0-301F-11D3-BF4B-00C04F79EFBC}") = "Domain.Tests", "DomainTests\Domain.Tests.csproj", "{1C264D07-D349-42B3-A96B-181BFA3ABC4B}"
	ProjectSection(ProjectDependencies) = postProject
		{EDA88906-05F5-4B6D-87FD-62EBF2B3CE0F} = {EDA88906-05F5-4B6D-87FD-62EBF2B3CE0F}
	EndProjectSection
EndProject
Global
	GlobalSection(SolutionConfigurationPlatforms) = preSolution
		Debug|Any CPU = Debug|Any CPU
		Release|Any CPU = Release|Any CPU
	EndGlobalSection
	GlobalSection(ProjectConfigurationPlatforms) = postSolution
		{66C6A655-6F4D-4AED-B670-128198E969F5}.Debug|Any CPU.ActiveCfg = Debug|Any CPU
		{66C6A655-6F4D-4AED-B670-128198E969F5}.Debug|Any CPU.Build.0 = Debug|Any CPU
		{66C6A655-6F4D-4AED-B670-128198E969F5}.Release|Any CPU.ActiveCfg = Release|Any CPU
		{66C6A655-6F4D-4AED-B670-128198E969F5}.Release|Any CPU.Build.0 = Release|Any CPU
		{521545FA-66F0-4638-80BD-2B6E13EB8F2F}.Debug|Any CPU.ActiveCfg = Debug|Any CPU
		{521545FA-66F0-4638-80BD-2B6E13EB8F2F}.Debug|Any CPU.Build.0 = Debug|Any CPU
		{521545FA-66F0-4638-80BD-2B6E13EB8F2F}.Release|Any CPU.ActiveCfg = Release|Any CPU
		{521545FA-66F0-4638-80BD-2B6E13EB8F2F}.Release|Any CPU.Build.0 = Release|Any CPU
		{EDA88906-05F5-4B6D-87FD-62EBF2B3CE0F}.Debug|Any CPU.ActiveCfg = Debug|Any CPU
		{EDA88906-05F5-4B6D-87FD-62EBF2B3CE0F}.Debug|Any CPU.Build.0 = Debug|Any CPU
		{EDA88906-05F5-4B6D-87FD-62EBF2B3CE0F}.Release|Any CPU.ActiveCfg = Release|Any CPU
		{EDA88906-05F5-4B6D-87FD-62EBF2B3CE0F}.Release|Any CPU.Build.0 = Release|Any CPU
		{69C15485-7CCF-4B4F-8705-FACE7F3E5FC4}.Debug|Any CPU.ActiveCfg = Debug|Any CPU
		{69C15485-7CCF-4B4F-8705-FACE7F3E5FC4}.Debug|Any CPU.Build.0 = Debug|Any CPU
		{69C15485-7CCF-4B4F-8705-FACE7F3E5FC4}.Release|Any CPU.ActiveCfg = Release|Any CPU
		{69C15485-7CCF-4B4F-8705-FACE7F3E5FC4}.Release|Any CPU.Build.0 = Release|Any CPU
		{9A2E288A-0196-45CB-A65E-4869AD457DE8}.Debug|Any CPU.ActiveCfg = Debug|Any CPU
		{9A2E288A-0196-45CB-A65E-4869AD457DE8}.Debug|Any CPU.Build.0 = Debug|Any CPU
		{9A2E288A-0196-45CB-A65E-4869AD457DE8}.Release|Any CPU.ActiveCfg = Release|Any CPU
		{9A2E288A-0196-45CB-A65E-4869AD457DE8}.Release|Any CPU.Build.0 = Release|Any CPU
		{23EC1885-DC28-4A31-B226-4A57DA7F410E}.Debug|Any CPU.ActiveCfg = Debug|Any CPU
		{23EC1885-DC28-4A31-B226-4A57DA7F410E}.Debug|Any CPU.Build.0 = Debug|Any CPU
		{23EC1885-DC28-4A31-B226-4A57DA7F410E}.Release|Any CPU.ActiveCfg = Release|Any CPU
		{23EC1885-DC28-4A31-B226-4A57DA7F410E}.Release|Any CPU.Build.0 = Release|Any CPU
		{FFC80C6F-4506-4C94-8C0E-ACAC6299D135}.Debug|Any CPU.ActiveCfg = Debug|Any CPU
		{FFC80C6F-4506-4C94-8C0E-ACAC6299D135}.Debug|Any CPU.Build.0 = Debug|Any CPU
		{FFC80C6F-4506-4C94-8C0E-ACAC6299D135}.Release|Any CPU.ActiveCfg = Release|Any CPU
		{FFC80C6F-4506-4C94-8C0E-ACAC6299D135}.Release|Any CPU.Build.0 = Release|Any CPU
		{A8E2707A-4886-44B1-AE7A-0237B40F22B5}.Debug|Any CPU.ActiveCfg = Debug|Any CPU
		{A8E2707A-4886-44B1-AE7A-0237B40F22B5}.Debug|Any CPU.Build.0 = Debug|Any CPU
		{A8E2707A-4886-44B1-AE7A-0237B40F22B5}.Release|Any CPU.ActiveCfg = Release|Any CPU
		{A8E2707A-4886-44B1-AE7A-0237B40F22B5}.Release|Any CPU.Build.0 = Release|Any CPU
		{1C264D07-D349-42B3-A96B-181BFA3ABC4B}.Debug|Any CPU.ActiveCfg = Debug|Any CPU
		{1C264D07-D349-42B3-A96B-181BFA3ABC4B}.Debug|Any CPU.Build.0 = Debug|Any CPU
		{1C264D07-D349-42B3-A96B-181BFA3ABC4B}.Release|Any CPU.ActiveCfg = Release|Any CPU
		{1C264D07-D349-42B3-A96B-181BFA3ABC4B}.Release|Any CPU.Build.0 = Release|Any CPU
	EndGlobalSection
	GlobalSection(SolutionProperties) = preSolution
		HideSolutionNode = FALSE
	EndGlobalSection
	GlobalSection(NestedProjects) = preSolution
		{66C6A655-6F4D-4AED-B670-128198E969F5} = {9C18B3EE-E863-4DD9-A95A-FEEEE4B95A8E}
		{521545FA-66F0-4638-80BD-2B6E13EB8F2F} = {0FD94F54-944A-484D-9DC6-520239A2CEBF}
		{EDA88906-05F5-4B6D-87FD-62EBF2B3CE0F} = {8382CD94-43AB-4529-B02E-E8B56A9DDC31}
		{69C15485-7CCF-4B4F-8705-FACE7F3E5FC4} = {0FD94F54-944A-484D-9DC6-520239A2CEBF}
		{9A2E288A-0196-45CB-A65E-4869AD457DE8} = {10506747-D2D3-406C-9AEB-B4B6428BE842}
		{23EC1885-DC28-4A31-B226-4A57DA7F410E} = {8382CD94-43AB-4529-B02E-E8B56A9DDC31}
		{FFC80C6F-4506-4C94-8C0E-ACAC6299D135} = {698E7D7E-2B97-4C4B-816E-83A15465402A}
		{A8E2707A-4886-44B1-AE7A-0237B40F22B5} = {698E7D7E-2B97-4C4B-816E-83A15465402A}
		{1C264D07-D349-42B3-A96B-181BFA3ABC4B} = {41E691A8-6CC3-4388-BA6A-A08937336739}
	EndGlobalSection
	GlobalSection(ExtensibilityGlobals) = postSolution
		SolutionGuid = {588407F0-56CA-4CEF-B8BA-059B38E8BEF3}
	EndGlobalSection
EndGlobal
